
Microsoft Visual Studio Solution File, Format Version 12.00
# Visual Studio Version 18
VisualStudioVersion = 18.2.11408.102 d18.0
MinimumVisualStudioVersion = 10.0.40219.1
Project("{FAE04EC0-301F-11D3-BF4B-00C04F79EFBC}") = "ClientRegistrationProgram", "ClientRegistrationProgram\ClientRegistrationProgram.csproj", "{8F93F94C-B344-4DD7-B360-1E8E4265322E}"
EndProject
Global
	GlobalSection(SolutionConfigurationPlatforms) = preSolution
		Debug|Any CPU = Debug|Any CPU
		Release|Any CPU = Release|Any CPU
	EndGlobalSection
	GlobalSection(ProjectConfigurationPlatforms) = postSolution
		{8F93F94C-B344-4DD7-B360-1E8E4265322E}.Debug|Any CPU.ActiveCfg = Debug|Any CPU
		{8F93F94C-B344-4DD7-B360-1E8E4265322E}.Debug|Any CPU.Build.0 = Debug|Any CPU
		{8F93F94C-B344-4DD7-B360-1E8E4265322E}.Release|Any CPU.ActiveCfg = Release|Any CPU
		{8F93F94C-B344-4DD7-B360-1E8E4265322E}.Release|Any CPU.Build.0 = Release|Any CPU
	EndGlobalSection
	GlobalSection(SolutionProperties) = preSolution
		HideSolutionNode = FALSE
	EndGlobalSection
	GlobalSection(ExtensibilityGlobals) = postSolution
		SolutionGuid = {D250F40B-B978-450F-8FE9-E9034BEC36A3}
	EndGlobalSection
EndGlobal
